// !$*UTF8*$!
{
	archiveVersion = 1;
	classes = {
	};
	objectVersion = 46;
	objects = {

/* Begin PBXBuildFile section */
		854B97BE1FA5CB9A001D92BB /* DDController.m in Sources */ = {isa = PBXBuildFile; fileRef = 854B97BD1FA5CB9A001D92BB /* DDController.m */; };
		854B97C11FA5CD10001D92BB /* DDView.m in Sources */ = {isa = PBXBuildFile; fileRef = 854B97C01FA5CD10001D92BB /* DDView.m */; };
		85B139251FA5914200E0A518 /* main.m in Sources */ = {isa = PBXBuildFile; fileRef = 85B139241FA5914200E0A518 /* main.m */; };
		85B139281FA5914200E0A518 /* AppDelegate.m in Sources */ = {isa = PBXBuildFile; fileRef = 85B139271FA5914200E0A518 /* AppDelegate.m */; };
		85B1392B1FA5914200E0A518 /* ViewController.m in Sources */ = {isa = PBXBuildFile; fileRef = 85B1392A1FA5914200E0A518 /* ViewController.m */; };
		85B1392E1FA5914200E0A518 /* Main.storyboard in Resources */ = {isa = PBXBuildFile; fileRef = 85B1392C1FA5914200E0A518 /* Main.storyboard */; };
		85B139301FA5914200E0A518 /* Assets.xcassets in Resources */ = {isa = PBXBuildFile; fileRef = 85B1392F1FA5914200E0A518 /* Assets.xcassets */; };
		85B139331FA5914200E0A518 /* LaunchScreen.storyboard in Resources */ = {isa = PBXBuildFile; fileRef = 85B139311FA5914200E0A518 /* LaunchScreen.storyboard */; };
/* End PBXBuildFile section */

/* Begin PBXFileReference section */
		854B97BC1FA5CB9A001D92BB /* DDController.h */ = {isa = PBXFileReference; fileEncoding = 4; lastKnownFileType = sourcecode.c.h; path = DDController.h; sourceTree = "<group>"; };
		854B97BD1FA5CB9A001D92BB /* DDController.m */ = {isa = PBXFileReference; fileEncoding = 4; lastKnownFileType = sourcecode.c.objc; path = DDController.m; sourceTree = "<group>"; };
		854B97BF1FA5CD10001D92BB /* DDView.h */ = {isa = PBXFileReference; fileEncoding = 4; lastKnownFileType = sourcecode.c.h; path = DDView.h; sourceTree = "<group>"; };
		854B97C01FA5CD10001D92BB /* DDView.m */ = {isa = PBXFileReference; fileEncoding = 4; lastKnownFileType = sourcecode.c.objc; path = DDView.m; sourceTree = "<group>"; };
		85B139201FA5914200E0A518 /* LE1.app */ = {isa = PBXFileReference; explicitFileType = wrapper.application; includeInIndex = 0; path = LE1.app; sourceTree = BUILT_PRODUCTS_DIR; };
		85B139241FA5914200E0A518 /* main.m */ = {isa = PBXFileReference; lastKnownFileType = sourcecode.c.objc; path = main.m; sourceTree = "<group>"; };
		85B139261FA5914200E0A518 /* AppDelegate.h */ = {isa = PBXFileReference; lastKnownFileType = sourcecode.c.h; path = AppDelegate.h; sourceTree = "<group>"; };
		85B139271FA5914200E0A518 /* AppDelegate.m */ = {isa = PBXFileReference; lastKnownFileType = sourcecode.c.objc; path = AppDelegate.m; sourceTree = "<group>"; };
		85B139291FA5914200E0A518 /* ViewController.h */ = {isa = PBXFileReference; lastKnownFileType = sourcecode.c.h; path = ViewController.h; sourceTree = "<group>"; };
		85B1392A1FA5914200E0A518 /* ViewController.m */ = {isa = PBXFileReference; lastKnownFileType = sourcecode.c.objc; path = ViewController.m; sourceTree = "<group>"; };
		85B1392D1FA5914200E0A518 /* Base */ = {isa = PBXFileReference; lastKnownFileType = file.storyboard; name = Base; path = Base.lproj/Main.storyboard; sourceTree = "<group>"; };
		85B1392F1FA5914200E0A518 /* Assets.xcassets */ = {isa = PBXFileReference; lastKnownFileType = folder.assetcatalog; path = Assets.xcassets; sourceTree = "<group>"; };
		85B139321FA5914200E0A518 /* Base */ = {isa = PBXFileReference; lastKnownFileType = file.storyboard; name = Base; path = Base.lproj/LaunchScreen.storyboard; sourceTree = "<group>"; };
		85B139341FA5914200E0A518 /* Info.plist */ = {isa = PBXFileReference; lastKnownFileType = text.plist.xml; path = Info.plist; sourceTree = "<group>"; };
/* End PBXFileReference section */

/* Begin PBXFrameworksBuildPhase section */
		85B1391D1FA5914200E0A518 /* Frameworks */ = {
			isa = PBXFrameworksBuildPhase;
			buildActionMask = 2147483647;
			files = (
			);
			runOnlyForDeploymentPostprocessing = 0;
		};
/* End PBXFrameworksBuildPhase section */

/* Begin PBXGroup section */
		85B139171FA5914100E0A518 = {
			isa = PBXGroup;
			children = (
				85B139221FA5914200E0A518 /* LE1 */,
				85B139211FA5914200E0A518 /* Products */,
			);
			sourceTree = "<group>";
		};
		85B139211FA5914200E0A518 /* Products */ = {
			isa = PBXGroup;
			children = (
				85B139201FA5914200E0A518 /* LE1.app */,
			);
			name = Products;
			sourceTree = "<group>";
		};
		85B139221FA5914200E0A518 /* LE1 */ = {
			isa = PBXGroup;
			children = (
				85B139261FA5914200E0A518 /* AppDelegate.h */,
				85B139271FA5914200E0A518 /* AppDelegate.m */,
				85B139291FA5914200E0A518 /* ViewController.h */,
				85B1392A1FA5914200E0A518 /* ViewController.m */,
				854B97BF1FA5CD10001D92BB /* DDView.h */,
				854B97C01FA5CD10001D92BB /* DDView.m */,
				85B1392C1FA5914200E0A518 /* Main.storyboard */,
				85B1392F1FA5914200E0A518 /* Assets.xcassets */,
				85B139311FA5914200E0A518 /* LaunchScreen.storyboard */,
				85B139341FA5914200E0A518 /* Info.plist */,
				85B139231FA5914200E0A518 /* Supporting Files */,
				854B97BC1FA5CB9A001D92BB /* DDController.h */,
				854B97BD1FA5CB9A001D92BB /* DDController.m */,
			);
			path = LE1;
			sourceTree = "<group>";
		};
		85B139231FA5914200E0A518 /* Supporting Files */ = {
			isa = PBXGroup;
			children = (
				85B139241FA5914200E0A518 /* main.m */,
			);
			name = "Supporting Files";
			sourceTree = "<group>";
		};
/* End PBXGroup section */

/* Begin PBXNativeTarget section */
		85B1391F1FA5914200E0A518 /* LE1 */ = {
			isa = PBXNativeTarget;
			buildConfigurationList = 85B139371FA5914200E0A518 /* Build configuration list for PBXNativeTarget "LE1" */;
			buildPhases = (
				85B1391C1FA5914200E0A518 /* Sources */,
				85B1391D1FA5914200E0A518 /* Frameworks */,
				85B1391E1FA5914200E0A518 /* Resources */,
			);
			buildRules = (
			);
			dependencies = (
			);
			name = LE1;
			productName = LE1;
			productReference = 85B139201FA5914200E0A518 /* LE1.app */;
			productType = "com.apple.product-type.application";
		};
/* End PBXNativeTarget section */

/* Begin PBXProject section */
		85B139181FA5914100E0A518 /* Project object */ = {
			isa = PBXProject;
			attributes = {
				LastUpgradeCheck = 0820;
				ORGANIZATIONNAME = OrgName;
				TargetAttributes = {
					85B1391F1FA5914200E0A518 = {
						CreatedOnToolsVersion = 8.2;
						ProvisioningStyle = Automatic;
					};
				};
			};
			buildConfigurationList = 85B1391B1FA5914100E0A518 /* Build configuration list for PBXProject "LE1" */;
			compatibilityVersion = "Xcode 3.2";
			developmentRegion = English;
			hasScannedForEncodings = 0;
			knownRegions = (
				en,
				Base,
			);
			mainGroup = 85B139171FA5914100E0A518;
			productRefGroup = 85B139211FA5914200E0A518 /* Products */;
			projectDirPath = "";
			projectRoot = "";
			targets = (
				85B1391F1FA5914200E0A518 /* LE1 */,
			);
		};
/* End PBXProject section */

/* Begin PBXResourcesBuildPhase section */
		85B1391E1FA5914200E0A518 /* Resources */ = {
			isa = PBXResourcesBuildPhase;
			buildActionMask = 2147483647;
			files = (
				85B139331FA5914200E0A518 /* LaunchScreen.storyboard in Resources */,
				85B139301FA5914200E0A518 /* Assets.xcassets in Resources */,
				85B1392E1FA5914200E0A518 /* Main.storyboard in Resources */,
			);
			runOnlyForDeploymentPostprocessing = 0;
		};
/* End PBXResourcesBuildPhase section */

/* Begin PBXSourcesBuildPhase section */
		85B1391C1FA5914200E0A518 /* Sources */ = {
			isa = PBXSourcesBuildPhase;
			buildActionMask = 2147483647;
			files = (
				85B1392B1FA5914200E0A518 /* ViewController.m in Sources */,
				854B97BE1FA5CB9A001D92BB /* DDController.m in Sources */,
				85B139281FA5914200E0A518 /* AppDelegate.m in Sources */,
				85B139251FA5914200E0A518 /* main.m in Sources */,
				854B97C11FA5CD10001D92BB /* DDView.m in Sources */,
			);
			runOnlyForDeploymentPostprocessing = 0;
		};
/* End PBXSourcesBuildPhase section */

/* Begin PBXVariantGroup section */
		85B1392C1FA5914200E0A518 /* Main.storyboard */ = {
			isa = PBXVariantGroup;
			children = (
				85B1392D1FA5914200E0A518 /* Base */,
			);
			name = Main.storyboard;
			sourceTree = "<group>";
		};
		85B139311FA5914200E0A518 /* LaunchScreen.storyboard */ = {
			isa = PBXVariantGroup;
			children = (
				85B139321FA5914200E0A518 /* Base */,
			);
			name = LaunchScreen.storyboard;
			sourceTree = "<group>";
		};
/* End PBXVariantGroup section */

/* Begin XCBuildConfiguration section */
		85B139351FA5914200E0A518 /* Debug */ = {
			isa = XCBuildConfiguration;
			buildSettings = {
				ALWAYS_SEARCH_USER_PATHS = NO;
				CLANG_ANALYZER_NONNULL = YES;
				CLANG_CXX_LANGUAGE_STANDARD = "gnu++0x";
				CLANG_CXX_LIBRARY = "libc++";
				CLANG_ENABLE_MODULES = YES;
				CLANG_ENABLE_OBJC_ARC = YES;
				CLANG_WARN_BOOL_CONVERSION = YES;
				CLANG_WARN_CONSTANT_CONVERSION = YES;
				CLANG_WARN_DIRECT_OBJC_ISA_USAGE = YES_ERROR;
				CLANG_WARN_DOCUMENTATION_COMMENTS = YES;
				CLANG_WARN_EMPTY_BODY = YES;
				CLANG_WARN_ENUM_CONVERSION = YES;
				CLANG_WARN_INFINITE_RECURSION = YES;
				CLANG_WARN_INT_CONVERSION = YES;
				CLANG_WARN_OBJC_ROOT_CLASS = YES_ERROR;
				CLANG_WARN_SUSPICIOUS_MOVE = YES;
				CLANG_WARN_UNREACHABLE_CODE = YES;
				CLANG_WARN__DUPLICATE_METHOD_MATCH = YES;
				"CODE_SIGN_IDENTITY[sdk=iphoneos*]" = "iPhone Developer";
				COPY_PHASE_STRIP = NO;
				DEBUG_INFORMATION_FORMAT = dwarf;
				ENABLE_STRICT_OBJC_MSGSEND = YES;
				ENABLE_TESTABILITY = YES;
				GCC_C_LANGUAGE_STANDARD = gnu99;
				GCC_DYNAMIC_NO_PIC = NO;
				GCC_NO_COMMON_BLOCKS = YES;
				GCC_OPTIMIZATION_LEVEL = 0;
				GCC_PREPROCESSOR_DEFINITIONS = (
					"DEBUG=1",
					"$(inherited)",
				);
				GCC_WARN_64_TO_32_BIT_CONVERSION = YES;
				GCC_WARN_ABOUT_RETURN_TYPE = YES_ERROR;
				GCC_WARN_UNDECLARED_SELECTOR = YES;
				GCC_WARN_UNINITIALIZED_AUTOS = YES_AGGRESSIVE;
				GCC_WARN_UNUSED_FUNCTION = YES;
				GCC_WARN_UNUSED_VARIABLE = YES;
				IPHONEOS_DEPLOYMENT_TARGET = 10.2;
				MTL_ENABLE_DEBUG_INFO = YES;
				ONLY_ACTIVE_ARCH = YES;
				SDKROOT = iphoneos;
				TARGETED_DEVICE_FAMILY = "1,2";
			};
			name = Debug;
		};
		85B139361FA5914200E0A518 /* Release */ = {
			isa = XCBuildConfiguration;
			buildSettings = {
				ALWAYS_SEARCH_USER_PATHS = NO;
				CLANG_ANALYZER_NONNULL = YES;
				CLANG_CXX_LANGUAGE_STANDARD = "gnu++0x";
				CLANG_CXX_LIBRARY = "libc++";
				CLANG_ENABLE_MODULES = YES;
				CLANG_ENABLE_OBJC_ARC = YES;
				CLANG_WARN_BOOL_CONVERSION = YES;
				CLANG_WARN_CONSTANT_CONVERSION = YES;
				CLANG_WARN_DIRECT_OBJC_ISA_USAGE = YES_ERROR;
				CLANG_WARN_DOCUMENTATION_COMMENTS = YES;
				CLANG_WARN_EMPTY_BODY = YES;
				CLANG_WARN_ENUM_CONVERSION = YES;
				CLANG_WARN_INFINITE_RECURSION = YES;
				CLANG_WARN_INT_CONVERSION = YES;
				CLANG_WARN_OBJC_ROOT_CLASS = YES_ERROR;
				CLANG_WARN_SUSPICIOUS_MOVE = YES;
				CLANG_WARN_UNREACHABLE_CODE = YES;
				CLANG_WARN__DUPLICATE_METHOD_MATCH = YES;
				"CODE_SIGN_IDENTITY[sdk=iphoneos*]" = "iPhone Developer";
				COPY_PHASE_STRIP = NO;
				DEBUG_INFORMATION_FORMAT = "dwarf-with-dsym";
				ENABLE_NS_ASSERTIONS = NO;
				ENABLE_STRICT_OBJC_MSGSEND = YES;
				GCC_C_LANGUAGE_STANDARD = gnu99;
				GCC_NO_COMMON_BLOCKS = YES;
				GCC_WARN_64_TO_32_BIT_CONVERSION = YES;
				GCC_WARN_ABOUT_RETURN_TYPE = YES_ERROR;
				GCC_WARN_UNDECLARED_SELECTOR = YES;
				GCC_WARN_UNINITIALIZED_AUTOS = YES_AGGRESSIVE;
				GCC_WARN_UNUSED_FUNCTION = YES;
				GCC_WARN_UNUSED_VARIABLE = YES;
				IPHONEOS_DEPLOYMENT_TARGET = 10.2;
				MTL_ENABLE_DEBUG_INFO = NO;
				SDKROOT = iphoneos;
				TARGETED_DEVICE_FAMILY = "1,2";
				VALIDATE_PRODUCT = YES;
			};
			name = Release;
		};
		85B139381FA5914200E0A518 /* Debug */ = {
			isa = XCBuildConfiguration;
			buildSettings = {
				ASSETCATALOG_COMPILER_APPICON_NAME = AppIcon;
				INFOPLIST_FILE = LE1/Info.plist;
				LD_RUNPATH_SEARCH_PATHS = "$(inherited) @executable_path/Frameworks";
				PRODUCT_BUNDLE_IDENTIFIER = com.trumptech.LE1;
				PRODUCT_NAME = "$(TARGET_NAME)";
			};
			name = Debug;
		};
		85B139391FA5914200E0A518 /* Release */ = {
			isa = XCBuildConfiguration;
			buildSettings = {
				ASSETCATALOG_COMPILER_APPICON_NAME = AppIcon;
				INFOPLIST_FILE = LE1/Info.plist;
				LD_RUNPATH_SEARCH_PATHS = "$(inherited) @executable_path/Frameworks";
				PRODUCT_BUNDLE_IDENTIFIER = com.trumptech.LE1;
				PRODUCT_NAME = "$(TARGET_NAME)";
			};
			name = Release;
		};
/* End XCBuildConfiguration section */

/* Begin XCConfigurationList section */
		85B1391B1FA5914100E0A518 /* Build configuration list for PBXProject "LE1" */ = {
			isa = XCConfigurationList;
			buildConfigurations = (
				85B139351FA5914200E0A518 /* Debug */,
				85B139361FA5914200E0A518 /* Release */,
			);
			defaultConfigurationIsVisible = 0;
			defaultConfigurationName = Release;
		};
		85B139371FA5914200E0A518 /* Build configuration list for PBXNativeTarget "LE1" */ = {
			isa = XCConfigurationList;
			buildConfigurations = (
				85B139381FA5914200E0A518 /* Debug */,
				85B139391FA5914200E0A518 /* Release */,
			);
			defaultConfigurationIsVisible = 0;
			defaultConfigurationName = Release;
		};
/* End XCConfigurationList section */
	};
	rootObject = 85B139181FA5914100E0A518 /* Project object */;
}
